
Microsoft Visual Studio Solution File, Format Version 12.00
# Visual Studio 15
VisualStudioVersion = 15.0.26124.0
MinimumVisualStudioVersion = 15.0.26124.0
Project("{2150E333-8FDC-42A3-9474-1A3956D46DE8}") = "src", "src", "{E9FC4821-27C0-421A-8742-BAAE6D8BDDFF}"
EndProject
Project("{FAE04EC0-301F-11D3-BF4B-00C04F79EFBC}") = "VkNet.FluentCommands.GroupBot", "src\VkNet.FluentCommands.GroupBot\VkNet.FluentCommands.GroupBot.csproj", "{A68113DC-5404-4983-9B13-BE3D92BF687A}"
EndProject
Global
	GlobalSection(SolutionConfigurationPlatforms) = preSolution
		Debug|Any CPU = Debug|Any CPU
		Debug|x64 = Debug|x64
		Debug|x86 = Debug|x86
		Release|Any CPU = Release|Any CPU
		Release|x64 = Release|x64
		Release|x86 = Release|x86
	EndGlobalSection
	GlobalSection(SolutionProperties) = preSolution
		HideSolutionNode = FALSE
	EndGlobalSection
	GlobalSection(ProjectConfigurationPlatforms) = postSolution
		{A68113DC-5404-4983-9B13-BE3D92BF687A}.Debug|Any CPU.ActiveCfg = Debug|Any CPU
		{A68113DC-5404-4983-9B13-BE3D92BF687A}.Debug|Any CPU.Build.0 = Debug|Any CPU
		{A68113DC-5404-4983-9B13-BE3D92BF687A}.Debug|x64.ActiveCfg = Debug|Any CPU
		{A68113DC-5404-4983-9B13-BE3D92BF687A}.Debug|x64.Build.0 = Debug|Any CPU
		{A68113DC-5404-4983-9B13-BE3D92BF687A}.Debug|x86.ActiveCfg = Debug|Any CPU
		{A68113DC-5404-4983-9B13-BE3D92BF687A}.Debug|x86.Build.0 = Debug|Any CPU
		{A68113DC-5404-4983-9B13-BE3D92BF687A}.Release|Any CPU.ActiveCfg = Release|Any CPU
		{A68113DC-5404-4983-9B13-BE3D92BF687A}.Release|Any CPU.Build.0 = Release|Any CPU
		{A68113DC-5404-4983-9B13-BE3D92BF687A}.Release|x64.ActiveCfg = Release|Any CPU
		{A68113DC-5404-4983-9B13-BE3D92BF687A}.Release|x64.Build.0 = Release|Any CPU
		{A68113DC-5404-4983-9B13-BE3D92BF687A}.Release|x86.ActiveCfg = Release|Any CPU
		{A68113DC-5404-4983-9B13-BE3D92BF687A}.Release|x86.Build.0 = Release|Any CPU
	EndGlobalSection
	GlobalSection(NestedProjects) = preSolution
		{A68113DC-5404-4983-9B13-BE3D92BF687A} = {E9FC4821-27C0-421A-8742-BAAE6D8BDDFF}
	EndGlobalSection
EndGlobal
